
Microsoft Visual Studio Solution File, Format Version 12.00
# Visual Studio Version 16
VisualStudioVersion = 16.0.30204.135
MinimumVisualStudioVersion = 10.0.40219.1
Project("{FAE04EC0-301F-11D3-BF4B-00C04F79EFBC}") = "JogoDaMemoria2", "JogoDaMemoria2\JogoDaMemoria2.csproj", "{72A81A8C-111D-4853-AB9C-1B73E2CAB8D5}"
EndProject
Project("{54435603-DBB4-11D2-8724-00A0C9A8B90C}") = "Setup", "Setup\Setup.vdproj", "{7A061431-0246-430F-A8F0-1851ED4F1ADF}"
EndProject
Global
	GlobalSection(SolutionConfigurationPlatforms) = preSolution
		Debug|Any CPU = Debug|Any CPU
		Release|Any CPU = Release|Any CPU
	EndGlobalSection
	GlobalSection(ProjectConfigurationPlatforms) = postSolution
		{72A81A8C-111D-4853-AB9C-1B73E2CAB8D5}.Debug|Any CPU.ActiveCfg = Debug|Any CPU
		{72A81A8C-111D-4853-AB9C-1B73E2CAB8D5}.Debug|Any CPU.Build.0 = Debug|Any CPU
		{72A81A8C-111D-4853-AB9C-1B73E2CAB8D5}.Release|Any CPU.ActiveCfg = Release|Any CPU
		{72A81A8C-111D-4853-AB9C-1B73E2CAB8D5}.Release|Any CPU.Build.0 = Release|Any CPU
		{7A061431-0246-430F-A8F0-1851ED4F1ADF}.Debug|Any CPU.ActiveCfg = Debug
		{7A061431-0246-430F-A8F0-1851ED4F1ADF}.Release|Any CPU.ActiveCfg = Release
	EndGlobalSection
	GlobalSection(SolutionProperties) = preSolution
		HideSolutionNode = FALSE
	EndGlobalSection
	GlobalSection(ExtensibilityGlobals) = postSolution
		SolutionGuid = {83B3FEE9-F475-4A56-B262-BA35D39DA7AB}
	EndGlobalSection
EndGlobal
